
Microsoft Visual Studio Solution File, Format Version 12.00
# Visual Studio Version 17
VisualStudioVersion = 17.11.35312.102
MinimumVisualStudioVersion = 10.0.40219.1
Project("{8BC9CEB8-8B4A-11D0-8D11-00A0C91BC942}") = "ComputationalGeometry", "ComputationalGeometry\ComputationalGeometry.vcxproj", "{98CB2BA3-600B-4564-9165-D9997A060BC6}"
EndProject
Global
	GlobalSection(SolutionConfigurationPlatforms) = preSolution
		Debug|x64 = Debug|x64
		Debug|x86 = Debug|x86
		Release|x64 = Release|x64
		Release|x86 = Release|x86
	EndGlobalSection
	GlobalSection(ProjectConfigurationPlatforms) = postSolution
		{98CB2BA3-600B-4564-9165-D9997A060BC6}.Debug|x64.ActiveCfg = Debug|x64
		{98CB2BA3-600B-4564-9165-D9997A060BC6}.Debug|x64.Build.0 = Debug|x64
		{98CB2BA3-600B-4564-9165-D9997A060BC6}.Debug|x86.ActiveCfg = Debug|Win32
		{98CB2BA3-600B-4564-9165-D9997A060BC6}.Debug|x86.Build.0 = Debug|Win32
		{98CB2BA3-600B-4564-9165-D9997A060BC6}.Release|x64.ActiveCfg = Release|x64
		{98CB2BA3-600B-4564-9165-D9997A060BC6}.Release|x64.Build.0 = Release|x64
		{98CB2BA3-600B-4564-9165-D9997A060BC6}.Release|x86.ActiveCfg = Release|Win32
		{98CB2BA3-600B-4564-9165-D9997A060BC6}.Release|x86.Build.0 = Release|Win32
	EndGlobalSection
	GlobalSection(SolutionProperties) = preSolution
		HideSolutionNode = FALSE
	EndGlobalSection
	GlobalSection(ExtensibilityGlobals) = postSolution
		SolutionGuid = {630142DD-3BD3-44F2-91B2-A727F47C9829}
	EndGlobalSection
EndGlobal
